
Microsoft Visual Studio Solution File, Format Version 12.00
# Visual Studio Version 17
VisualStudioVersion = 17.0.32014.148
MinimumVisualStudioVersion = 10.0.40219.1
Project("{FAE04EC0-301F-11D3-BF4B-00C04F79EFBC}") = "RSALab1", "RSALab1\RSALab1.csproj", "{984BEED5-D98F-4508-B2AB-F31E31CB049C}"
EndProject
Project("{FAE04EC0-301F-11D3-BF4B-00C04F79EFBC}") = "ByteNumTests", "ByteNumTests\ByteNumTests.csproj", "{5C6B5F01-E76D-4CDB-B4D3-C4A8FF675FF7}"
EndProject
Global
	GlobalSection(SolutionConfigurationPlatforms) = preSolution
		Debug|Any CPU = Debug|Any CPU
		Release|Any CPU = Release|Any CPU
	EndGlobalSection
	GlobalSection(ProjectConfigurationPlatforms) = postSolution
		{984BEED5-D98F-4508-B2AB-F31E31CB049C}.Debug|Any CPU.ActiveCfg = Debug|Any CPU
		{984BEED5-D98F-4508-B2AB-F31E31CB049C}.Debug|Any CPU.Build.0 = Debug|Any CPU
		{984BEED5-D98F-4508-B2AB-F31E31CB049C}.Release|Any CPU.ActiveCfg = Release|Any CPU
		{984BEED5-D98F-4508-B2AB-F31E31CB049C}.Release|Any CPU.Build.0 = Release|Any CPU
		{5C6B5F01-E76D-4CDB-B4D3-C4A8FF675FF7}.Debug|Any CPU.ActiveCfg = Debug|Any CPU
		{5C6B5F01-E76D-4CDB-B4D3-C4A8FF675FF7}.Debug|Any CPU.Build.0 = Debug|Any CPU
		{5C6B5F01-E76D-4CDB-B4D3-C4A8FF675FF7}.Release|Any CPU.ActiveCfg = Release|Any CPU
		{5C6B5F01-E76D-4CDB-B4D3-C4A8FF675FF7}.Release|Any CPU.Build.0 = Release|Any CPU
	EndGlobalSection
	GlobalSection(SolutionProperties) = preSolution
		HideSolutionNode = FALSE
	EndGlobalSection
	GlobalSection(ExtensibilityGlobals) = postSolution
		SolutionGuid = {9922BE27-9C0F-44D6-96E3-4B540CEA9F81}
	EndGlobalSection
EndGlobal
